
Microsoft Visual Studio Solution File, Format Version 12.00
# Visual Studio Version 17
VisualStudioVersion = 17.4.33213.308
MinimumVisualStudioVersion = 10.0.40219.1
Project("{FAE04EC0-301F-11D3-BF4B-00C04F79EFBC}") = "spacenavd_sw", "spacenavd_sw.csproj", "{77A7AD31-CD1D-4BA0-A18C-B462F653B318}"
EndProject
Global
	GlobalSection(SolutionConfigurationPlatforms) = preSolution
		Debug|Any CPU = Debug|Any CPU
		Release|Any CPU = Release|Any CPU
	EndGlobalSection
	GlobalSection(ProjectConfigurationPlatforms) = postSolution
		{77A7AD31-CD1D-4BA0-A18C-B462F653B318}.Debug|Any CPU.ActiveCfg = Debug|Any CPU
		{77A7AD31-CD1D-4BA0-A18C-B462F653B318}.Debug|Any CPU.Build.0 = Debug|Any CPU
		{77A7AD31-CD1D-4BA0-A18C-B462F653B318}.Release|Any CPU.ActiveCfg = Release|Any CPU
		{77A7AD31-CD1D-4BA0-A18C-B462F653B318}.Release|Any CPU.Build.0 = Release|Any CPU
	EndGlobalSection
	GlobalSection(SolutionProperties) = preSolution
		HideSolutionNode = FALSE
	EndGlobalSection
	GlobalSection(ExtensibilityGlobals) = postSolution
		SolutionGuid = {EFE7A5DC-2ECB-4752-8AA0-64327D32F530}
	EndGlobalSection
EndGlobal
